// !$*UTF8*$!
{
	archiveVersion = 1;
	classes = {
	};
	objectVersion = 50;
	objects = {

/* Begin PBXBuildFile section */
		18D7FCD52354D28C007A5F50 /* AppDelegate.swift in Sources */ = {isa = PBXBuildFile; fileRef = 18D7FCD42354D28C007A5F50 /* AppDelegate.swift */; };
		18D7FCD72354D28C007A5F50 /* SceneDelegate.swift in Sources */ = {isa = PBXBuildFile; fileRef = 18D7FCD62354D28C007A5F50 /* SceneDelegate.swift */; };
		18D7FCD92354D28C007A5F50 /* ViewController.swift in Sources */ = {isa = PBXBuildFile; fileRef = 18D7FCD82354D28C007A5F50 /* ViewController.swift */; };
		18D7FCDC2354D28C007A5F50 /* Main.storyboard in Resources */ = {isa = PBXBuildFile; fileRef = 18D7FCDA2354D28C007A5F50 /* Main.storyboard */; };
		18D7FCDE2354D28C007A5F50 /* Assets.xcassets in Resources */ = {isa = PBXBuildFile; fileRef = 18D7FCDD2354D28C007A5F50 /* Assets.xcassets */; };
		18D7FCE12354D28C007A5F50 /* LaunchScreen.storyboard in Resources */ = {isa = PBXBuildFile; fileRef = 18D7FCDF2354D28C007A5F50 /* LaunchScreen.storyboard */; };
		18D7FCE923566EEE007A5F50 /* Petition.swift in Sources */ = {isa = PBXBuildFile; fileRef = 18D7FCE823566EEE007A5F50 /* Petition.swift */; };
		18D7FCEB23566F90007A5F50 /* Petitions.swift in Sources */ = {isa = PBXBuildFile; fileRef = 18D7FCEA23566F90007A5F50 /* Petitions.swift */; };
		18F9A2982357EA1200FEC53D /* DetailViewController.swift in Sources */ = {isa = PBXBuildFile; fileRef = 18F9A2972357EA1200FEC53D /* DetailViewController.swift */; };
/* End PBXBuildFile section */

/* Begin PBXFileReference section */
		18D7FCD12354D28C007A5F50 /* Project7.app */ = {isa = PBXFileReference; explicitFileType = wrapper.application; includeInIndex = 0; path = Project7.app; sourceTree = BUILT_PRODUCTS_DIR; };
		18D7FCD42354D28C007A5F50 /* AppDelegate.swift */ = {isa = PBXFileReference; lastKnownFileType = sourcecode.swift; path = AppDelegate.swift; sourceTree = "<group>"; };
		18D7FCD62354D28C007A5F50 /* SceneDelegate.swift */ = {isa = PBXFileReference; lastKnownFileType = sourcecode.swift; path = SceneDelegate.swift; sourceTree = "<group>"; };
		18D7FCD82354D28C007A5F50 /* ViewController.swift */ = {isa = PBXFileReference; lastKnownFileType = sourcecode.swift; path = ViewController.swift; sourceTree = "<group>"; };
		18D7FCDB2354D28C007A5F50 /* Base */ = {isa = PBXFileReference; lastKnownFileType = file.storyboard; name = Base; path = Base.lproj/Main.storyboard; sourceTree = "<group>"; };
		18D7FCDD2354D28C007A5F50 /* Assets.xcassets */ = {isa = PBXFileReference; lastKnownFileType = folder.assetcatalog; path = Assets.xcassets; sourceTree = "<group>"; };
		18D7FCE02354D28C007A5F50 /* Base */ = {isa = PBXFileReference; lastKnownFileType = file.storyboard; name = Base; path = Base.lproj/LaunchScreen.storyboard; sourceTree = "<group>"; };
		18D7FCE22354D28C007A5F50 /* Info.plist */ = {isa = PBXFileReference; lastKnownFileType = text.plist.xml; path = Info.plist; sourceTree = "<group>"; };
		18D7FCE823566EEE007A5F50 /* Petition.swift */ = {isa = PBXFileReference; lastKnownFileType = sourcecode.swift; path = Petition.swift; sourceTree = "<group>"; };
		18D7FCEA23566F90007A5F50 /* Petitions.swift */ = {isa = PBXFileReference; lastKnownFileType = sourcecode.swift; path = Petitions.swift; sourceTree = "<group>"; };
		18F9A2972357EA1200FEC53D /* DetailViewController.swift */ = {isa = PBXFileReference; lastKnownFileType = sourcecode.swift; path = DetailViewController.swift; sourceTree = "<group>"; };
/* End PBXFileReference section */

/* Begin PBXFrameworksBuildPhase section */
		18D7FCCE2354D28C007A5F50 /* Frameworks */ = {
			isa = PBXFrameworksBuildPhase;
			buildActionMask = 2147483647;
			files = (
			);
			runOnlyForDeploymentPostprocessing = 0;
		};
/* End PBXFrameworksBuildPhase section */

/* Begin PBXGroup section */
		18D7FCC82354D28C007A5F50 = {
			isa = PBXGroup;
			children = (
				18D7FCD32354D28C007A5F50 /* Project7 */,
				18D7FCD22354D28C007A5F50 /* Products */,
			);
			sourceTree = "<group>";
		};
		18D7FCD22354D28C007A5F50 /* Products */ = {
			isa = PBXGroup;
			children = (
				18D7FCD12354D28C007A5F50 /* Project7.app */,
			);
			name = Products;
			sourceTree = "<group>";
		};
		18D7FCD32354D28C007A5F50 /* Project7 */ = {
			isa = PBXGroup;
			children = (
				18D7FCD42354D28C007A5F50 /* AppDelegate.swift */,
				18D7FCD62354D28C007A5F50 /* SceneDelegate.swift */,
				18D7FCD82354D28C007A5F50 /* ViewController.swift */,
				18D7FCE823566EEE007A5F50 /* Petition.swift */,
				18D7FCEA23566F90007A5F50 /* Petitions.swift */,
				18D7FCDA2354D28C007A5F50 /* Main.storyboard */,
				18D7FCDD2354D28C007A5F50 /* Assets.xcassets */,
				18D7FCDF2354D28C007A5F50 /* LaunchScreen.storyboard */,
				18D7FCE22354D28C007A5F50 /* Info.plist */,
				18F9A2972357EA1200FEC53D /* DetailViewController.swift */,
			);
			path = Project7;
			sourceTree = "<group>";
		};
/* End PBXGroup section */

/* Begin PBXNativeTarget section */
		18D7FCD02354D28C007A5F50 /* Project7 */ = {
			isa = PBXNativeTarget;
			buildConfigurationList = 18D7FCE52354D28C007A5F50 /* Build configuration list for PBXNativeTarget "Project7" */;
			buildPhases = (
				18D7FCCD2354D28C007A5F50 /* Sources */,
				18D7FCCE2354D28C007A5F50 /* Frameworks */,
				18D7FCCF2354D28C007A5F50 /* Resources */,
			);
			buildRules = (
			);
			dependencies = (
			);
			name = Project7;
			productName = Project7;
			productReference = 18D7FCD12354D28C007A5F50 /* Project7.app */;
			productType = "com.apple.product-type.application";
		};
/* End PBXNativeTarget section */

/* Begin PBXProject section */
		18D7FCC92354D28C007A5F50 /* Project object */ = {
			isa = PBXProject;
			attributes = {
				LastSwiftUpdateCheck = 1100;
				LastUpgradeCheck = 1100;
				ORGANIZATIONNAME = "William Fernandez";
				TargetAttributes = {
					18D7FCD02354D28C007A5F50 = {
						CreatedOnToolsVersion = 11.0;
					};
				};
			};
			buildConfigurationList = 18D7FCCC2354D28C007A5F50 /* Build configuration list for PBXProject "Project7" */;
			compatibilityVersion = "Xcode 9.3";
			developmentRegion = en;
			hasScannedForEncodings = 0;
			knownRegions = (
				en,
				Base,
			);
			mainGroup = 18D7FCC82354D28C007A5F50;
			productRefGroup = 18D7FCD22354D28C007A5F50 /* Products */;
			projectDirPath = "";
			projectRoot = "";
			targets = (
				18D7FCD02354D28C007A5F50 /* Project7 */,
			);
		};
/* End PBXProject section */

/* Begin PBXResourcesBuildPhase section */
		18D7FCCF2354D28C007A5F50 /* Resources */ = {
			isa = PBXResourcesBuildPhase;
			buildActionMask = 2147483647;
			files = (
				18D7FCE12354D28C007A5F50 /* LaunchScreen.storyboard in Resources */,
				18D7FCDE2354D28C007A5F50 /* Assets.xcassets in Resources */,
				18D7FCDC2354D28C007A5F50 /* Main.storyboard in Resources */,
			);
			runOnlyForDeploymentPostprocessing = 0;
		};
/* End PBXResourcesBuildPhase section */

/* Begin PBXSourcesBuildPhase section */
		18D7FCCD2354D28C007A5F50 /* Sources */ = {
			isa = PBXSourcesBuildPhase;
			buildActionMask = 2147483647;
			files = (
				18D7FCD92354D28C007A5F50 /* ViewController.swift in Sources */,
				18D7FCE923566EEE007A5F50 /* Petition.swift in Sources */,
				18D7FCD52354D28C007A5F50 /* AppDelegate.swift in Sources */,
				18F9A2982357EA1200FEC53D /* DetailViewController.swift in Sources */,
				18D7FCD72354D28C007A5F50 /* SceneDelegate.swift in Sources */,
				18D7FCEB23566F90007A5F50 /* Petitions.swift in Sources */,
			);
			runOnlyForDeploymentPostprocessing = 0;
		};
/* End PBXSourcesBuildPhase section */

/* Begin PBXVariantGroup section */
		18D7FCDA2354D28C007A5F50 /* Main.storyboard */ = {
			isa = PBXVariantGroup;
			children = (
				18D7FCDB2354D28C007A5F50 /* Base */,
			);
			name = Main.storyboard;
			sourceTree = "<group>";
		};
		18D7FCDF2354D28C007A5F50 /* LaunchScreen.storyboard */ = {
			isa = PBXVariantGroup;
			children = (
				18D7FCE02354D28C007A5F50 /* Base */,
			);
			name = LaunchScreen.storyboard;
			sourceTree = "<group>";
		};
/* End PBXVariantGroup section */

/* Begin XCBuildConfiguration section */
		18D7FCE32354D28C007A5F50 /* Debug */ = {
			isa = XCBuildConfiguration;
			buildSettings = {
				ALWAYS_SEARCH_USER_PATHS = NO;
				CLANG_ANALYZER_NONNULL = YES;
				CLANG_ANALYZER_NUMBER_OBJECT_CONVERSION = YES_AGGRESSIVE;
				CLANG_CXX_LANGUAGE_STANDARD = "gnu++14";
				CLANG_CXX_LIBRARY = "libc++";
				CLANG_ENABLE_MODULES = YES;
				CLANG_ENABLE_OBJC_ARC = YES;
				CLANG_ENABLE_OBJC_WEAK = YES;
				CLANG_WARN_BLOCK_CAPTURE_AUTORELEASING = YES;
				CLANG_WARN_BOOL_CONVERSION = YES;
				CLANG_WARN_COMMA = YES;
				CLANG_WARN_CONSTANT_CONVERSION = YES;
				CLANG_WARN_DEPRECATED_OBJC_IMPLEMENTATIONS = YES;
				CLANG_WARN_DIRECT_OBJC_ISA_USAGE = YES_ERROR;
				CLANG_WARN_DOCUMENTATION_COMMENTS = YES;
				CLANG_WARN_EMPTY_BODY = YES;
				CLANG_WARN_ENUM_CONVERSION = YES;
				CLANG_WARN_INFINITE_RECURSION = YES;
				CLANG_WARN_INT_CONVERSION = YES;
				CLANG_WARN_NON_LITERAL_NULL_CONVERSION = YES;
				CLANG_WARN_OBJC_IMPLICIT_RETAIN_SELF = YES;
				CLANG_WARN_OBJC_LITERAL_CONVERSION = YES;
				CLANG_WARN_OBJC_ROOT_CLASS = YES_ERROR;
				CLANG_WARN_RANGE_LOOP_ANALYSIS = YES;
				CLANG_WARN_STRICT_PROTOTYPES = YES;
				CLANG_WARN_SUSPICIOUS_MOVE = YES;
				CLANG_WARN_UNGUARDED_AVAILABILITY = YES_AGGRESSIVE;
				CLANG_WARN_UNREACHABLE_CODE = YES;
				CLANG_WARN__DUPLICATE_METHOD_MATCH = YES;
				COPY_PHASE_STRIP = NO;
				DEBUG_INFORMATION_FORMAT = dwarf;
				ENABLE_STRICT_OBJC_MSGSEND = YES;
				ENABLE_TESTABILITY = YES;
				GCC_C_LANGUAGE_STANDARD = gnu11;
				GCC_DYNAMIC_NO_PIC = NO;
				GCC_NO_COMMON_BLOCKS = YES;
				GCC_OPTIMIZATION_LEVEL = 0;
				GCC_PREPROCESSOR_DEFINITIONS = (
					"DEBUG=1",
					"$(inherited)",
				);
				GCC_WARN_64_TO_32_BIT_CONVERSION = YES;
				GCC_WARN_ABOUT_RETURN_TYPE = YES_ERROR;
				GCC_WARN_UNDECLARED_SELECTOR = YES;
				GCC_WARN_UNINITIALIZED_AUTOS = YES_AGGRESSIVE;
				GCC_WARN_UNUSED_FUNCTION = YES;
				GCC_WARN_UNUSED_VARIABLE = YES;
				IPHONEOS_DEPLOYMENT_TARGET = 13.0;
				MTL_ENABLE_DEBUG_INFO = INCLUDE_SOURCE;
				MTL_FAST_MATH = YES;
				ONLY_ACTIVE_ARCH = YES;
				SDKROOT = iphoneos;
				SWIFT_ACTIVE_COMPILATION_CONDITIONS = DEBUG;
				SWIFT_OPTIMIZATION_LEVEL = "-Onone";
			};
			name = Debug;
		};
		18D7FCE42354D28C007A5F50 /* Release */ = {
			isa = XCBuildConfiguration;
			buildSettings = {
				ALWAYS_SEARCH_USER_PATHS = NO;
				CLANG_ANALYZER_NONNULL = YES;
				CLANG_ANALYZER_NUMBER_OBJECT_CONVERSION = YES_AGGRESSIVE;
				CLANG_CXX_LANGUAGE_STANDARD = "gnu++14";
				CLANG_CXX_LIBRARY = "libc++";
				CLANG_ENABLE_MODULES = YES;
				CLANG_ENABLE_OBJC_ARC = YES;
				CLANG_ENABLE_OBJC_WEAK = YES;
				CLANG_WARN_BLOCK_CAPTURE_AUTORELEASING = YES;
				CLANG_WARN_BOOL_CONVERSION = YES;
				CLANG_WARN_COMMA = YES;
				CLANG_WARN_CONSTANT_CONVERSION = YES;
				CLANG_WARN_DEPRECATED_OBJC_IMPLEMENTATIONS = YES;
				CLANG_WARN_DIRECT_OBJC_ISA_USAGE = YES_ERROR;
				CLANG_WARN_DOCUMENTATION_COMMENTS = YES;
				CLANG_WARN_EMPTY_BODY = YES;
				CLANG_WARN_ENUM_CONVERSION = YES;
				CLANG_WARN_INFINITE_RECURSION = YES;
				CLANG_WARN_INT_CONVERSION = YES;
				CLANG_WARN_NON_LITERAL_NULL_CONVERSION = YES;
				CLANG_WARN_OBJC_IMPLICIT_RETAIN_SELF = YES;
				CLANG_WARN_OBJC_LITERAL_CONVERSION = YES;
				CLANG_WARN_OBJC_ROOT_CLASS = YES_ERROR;
				CLANG_WARN_RANGE_LOOP_ANALYSIS = YES;
				CLANG_WARN_STRICT_PROTOTYPES = YES;
				CLANG_WARN_SUSPICIOUS_MOVE = YES;
				CLANG_WARN_UNGUARDED_AVAILABILITY = YES_AGGRESSIVE;
				CLANG_WARN_UNREACHABLE_CODE = YES;
				CLANG_WARN__DUPLICATE_METHOD_MATCH = YES;
				COPY_PHASE_STRIP = NO;
				DEBUG_INFORMATION_FORMAT = "dwarf-with-dsym";
				ENABLE_NS_ASSERTIONS = NO;
				ENABLE_STRICT_OBJC_MSGSEND = YES;
				GCC_C_LANGUAGE_STANDARD = gnu11;
				GCC_NO_COMMON_BLOCKS = YES;
				GCC_WARN_64_TO_32_BIT_CONVERSION = YES;
				GCC_WARN_ABOUT_RETURN_TYPE = YES_ERROR;
				GCC_WARN_UNDECLARED_SELECTOR = YES;
				GCC_WARN_UNINITIALIZED_AUTOS = YES_AGGRESSIVE;
				GCC_WARN_UNUSED_FUNCTION = YES;
				GCC_WARN_UNUSED_VARIABLE = YES;
				IPHONEOS_DEPLOYMENT_TARGET = 13.0;
				MTL_ENABLE_DEBUG_INFO = NO;
				MTL_FAST_MATH = YES;
				SDKROOT = iphoneos;
				SWIFT_COMPILATION_MODE = wholemodule;
				SWIFT_OPTIMIZATION_LEVEL = "-O";
				VALIDATE_PRODUCT = YES;
			};
			name = Release;
		};
		18D7FCE62354D28C007A5F50 /* Debug */ = {
			isa = XCBuildConfiguration;
			buildSettings = {
				ASSETCATALOG_COMPILER_APPICON_NAME = AppIcon;
				CODE_SIGN_STYLE = Automatic;
				DEVELOPMENT_TEAM = 357WQCGCRZ;
				INFOPLIST_FILE = Project7/Info.plist;
				LD_RUNPATH_SEARCH_PATHS = (
					"$(inherited)",
					"@executable_path/Frameworks",
				);
				PRODUCT_BUNDLE_IDENTIFIER = com.williamf.Project7;
				PRODUCT_NAME = "$(TARGET_NAME)";
				SWIFT_VERSION = 5.0;
				TARGETED_DEVICE_FAMILY = "1,2";
			};
			name = Debug;
		};
		18D7FCE72354D28C007A5F50 /* Release */ = {
			isa = XCBuildConfiguration;
			buildSettings = {
				ASSETCATALOG_COMPILER_APPICON_NAME = AppIcon;
				CODE_SIGN_STYLE = Automatic;
				DEVELOPMENT_TEAM = 357WQCGCRZ;
				INFOPLIST_FILE = Project7/Info.plist;
				LD_RUNPATH_SEARCH_PATHS = (
					"$(inherited)",
					"@executable_path/Frameworks",
				);
				PRODUCT_BUNDLE_IDENTIFIER = com.williamf.Project7;
				PRODUCT_NAME = "$(TARGET_NAME)";
				SWIFT_VERSION = 5.0;
				TARGETED_DEVICE_FAMILY = "1,2";
			};
			name = Release;
		};
/* End XCBuildConfiguration section */

/* Begin XCConfigurationList section */
		18D7FCCC2354D28C007A5F50 /* Build configuration list for PBXProject "Project7" */ = {
			isa = XCConfigurationList;
			buildConfigurations = (
				18D7FCE32354D28C007A5F50 /* Debug */,
				18D7FCE42354D28C007A5F50 /* Release */,
			);
			defaultConfigurationIsVisible = 0;
			defaultConfigurationName = Release;
		};
		18D7FCE52354D28C007A5F50 /* Build configuration list for PBXNativeTarget "Project7" */ = {
			isa = XCConfigurationList;
			buildConfigurations = (
				18D7FCE62354D28C007A5F50 /* Debug */,
				18D7FCE72354D28C007A5F50 /* Release */,
			);
			defaultConfigurationIsVisible = 0;
			defaultConfigurationName = Release;
		};
/* End XCConfigurationList section */
	};
	rootObject = 18D7FCC92354D28C007A5F50 /* Project object */;
}
