// !$*UTF8*$!
{
	archiveVersion = 1;
	classes = {
	};
	objectVersion = 50;
	objects = {

/* Begin PBXBuildFile section */
		1871579B234ABBCA0085114C /* AppDelegate.swift in Sources */ = {isa = PBXBuildFile; fileRef = 1871579A234ABBCA0085114C /* AppDelegate.swift */; };
		1871579D234ABBCA0085114C /* SceneDelegate.swift in Sources */ = {isa = PBXBuildFile; fileRef = 1871579C234ABBCA0085114C /* SceneDelegate.swift */; };
		1871579F234ABBCA0085114C /* ViewController.swift in Sources */ = {isa = PBXBuildFile; fileRef = 1871579E234ABBCA0085114C /* ViewController.swift */; };
		187157A2234ABBCA0085114C /* Main.storyboard in Resources */ = {isa = PBXBuildFile; fileRef = 187157A0234ABBCA0085114C /* Main.storyboard */; };
		187157A4234ABBCA0085114C /* Assets.xcassets in Resources */ = {isa = PBXBuildFile; fileRef = 187157A3234ABBCA0085114C /* Assets.xcassets */; };
		187157A7234ABBCA0085114C /* LaunchScreen.storyboard in Resources */ = {isa = PBXBuildFile; fileRef = 187157A5234ABBCA0085114C /* LaunchScreen.storyboard */; };
		187157B2234ABBCA0085114C /* Project2Tests.swift in Sources */ = {isa = PBXBuildFile; fileRef = 187157B1234ABBCA0085114C /* Project2Tests.swift */; };
		187157BD234ABBCA0085114C /* Project2UITests.swift in Sources */ = {isa = PBXBuildFile; fileRef = 187157BC234ABBCA0085114C /* Project2UITests.swift */; };
/* End PBXBuildFile section */

/* Begin PBXContainerItemProxy section */
		187157AE234ABBCA0085114C /* PBXContainerItemProxy */ = {
			isa = PBXContainerItemProxy;
			containerPortal = 1871578F234ABBCA0085114C /* Project object */;
			proxyType = 1;
			remoteGlobalIDString = 18715796234ABBCA0085114C;
			remoteInfo = Project2;
		};
		187157B9234ABBCA0085114C /* PBXContainerItemProxy */ = {
			isa = PBXContainerItemProxy;
			containerPortal = 1871578F234ABBCA0085114C /* Project object */;
			proxyType = 1;
			remoteGlobalIDString = 18715796234ABBCA0085114C;
			remoteInfo = Project2;
		};
/* End PBXContainerItemProxy section */

/* Begin PBXFileReference section */
		18715797234ABBCA0085114C /* Project2.app */ = {isa = PBXFileReference; explicitFileType = wrapper.application; includeInIndex = 0; path = Project2.app; sourceTree = BUILT_PRODUCTS_DIR; };
		1871579A234ABBCA0085114C /* AppDelegate.swift */ = {isa = PBXFileReference; lastKnownFileType = sourcecode.swift; path = AppDelegate.swift; sourceTree = "<group>"; };
		1871579C234ABBCA0085114C /* SceneDelegate.swift */ = {isa = PBXFileReference; lastKnownFileType = sourcecode.swift; path = SceneDelegate.swift; sourceTree = "<group>"; };
		1871579E234ABBCA0085114C /* ViewController.swift */ = {isa = PBXFileReference; lastKnownFileType = sourcecode.swift; path = ViewController.swift; sourceTree = "<group>"; };
		187157A1234ABBCA0085114C /* Base */ = {isa = PBXFileReference; lastKnownFileType = file.storyboard; name = Base; path = Base.lproj/Main.storyboard; sourceTree = "<group>"; };
		187157A3234ABBCA0085114C /* Assets.xcassets */ = {isa = PBXFileReference; lastKnownFileType = folder.assetcatalog; path = Assets.xcassets; sourceTree = "<group>"; };
		187157A6234ABBCA0085114C /* Base */ = {isa = PBXFileReference; lastKnownFileType = file.storyboard; name = Base; path = Base.lproj/LaunchScreen.storyboard; sourceTree = "<group>"; };
		187157A8234ABBCA0085114C /* Info.plist */ = {isa = PBXFileReference; lastKnownFileType = text.plist.xml; path = Info.plist; sourceTree = "<group>"; };
		187157AD234ABBCA0085114C /* Project2Tests.xctest */ = {isa = PBXFileReference; explicitFileType = wrapper.cfbundle; includeInIndex = 0; path = Project2Tests.xctest; sourceTree = BUILT_PRODUCTS_DIR; };
		187157B1234ABBCA0085114C /* Project2Tests.swift */ = {isa = PBXFileReference; lastKnownFileType = sourcecode.swift; path = Project2Tests.swift; sourceTree = "<group>"; };
		187157B3234ABBCA0085114C /* Info.plist */ = {isa = PBXFileReference; lastKnownFileType = text.plist.xml; path = Info.plist; sourceTree = "<group>"; };
		187157B8234ABBCA0085114C /* Project2UITests.xctest */ = {isa = PBXFileReference; explicitFileType = wrapper.cfbundle; includeInIndex = 0; path = Project2UITests.xctest; sourceTree = BUILT_PRODUCTS_DIR; };
		187157BC234ABBCA0085114C /* Project2UITests.swift */ = {isa = PBXFileReference; lastKnownFileType = sourcecode.swift; path = Project2UITests.swift; sourceTree = "<group>"; };
		187157BE234ABBCA0085114C /* Info.plist */ = {isa = PBXFileReference; lastKnownFileType = text.plist.xml; path = Info.plist; sourceTree = "<group>"; };
/* End PBXFileReference section */

/* Begin PBXFrameworksBuildPhase section */
		18715794234ABBCA0085114C /* Frameworks */ = {
			isa = PBXFrameworksBuildPhase;
			buildActionMask = 2147483647;
			files = (
			);
			runOnlyForDeploymentPostprocessing = 0;
		};
		187157AA234ABBCA0085114C /* Frameworks */ = {
			isa = PBXFrameworksBuildPhase;
			buildActionMask = 2147483647;
			files = (
			);
			runOnlyForDeploymentPostprocessing = 0;
		};
		187157B5234ABBCA0085114C /* Frameworks */ = {
			isa = PBXFrameworksBuildPhase;
			buildActionMask = 2147483647;
			files = (
			);
			runOnlyForDeploymentPostprocessing = 0;
		};
/* End PBXFrameworksBuildPhase section */

/* Begin PBXGroup section */
		1871578E234ABBCA0085114C = {
			isa = PBXGroup;
			children = (
				18715799234ABBCA0085114C /* Project2 */,
				187157B0234ABBCA0085114C /* Project2Tests */,
				187157BB234ABBCA0085114C /* Project2UITests */,
				18715798234ABBCA0085114C /* Products */,
			);
			sourceTree = "<group>";
		};
		18715798234ABBCA0085114C /* Products */ = {
			isa = PBXGroup;
			children = (
				18715797234ABBCA0085114C /* Project2.app */,
				187157AD234ABBCA0085114C /* Project2Tests.xctest */,
				187157B8234ABBCA0085114C /* Project2UITests.xctest */,
			);
			name = Products;
			sourceTree = "<group>";
		};
		18715799234ABBCA0085114C /* Project2 */ = {
			isa = PBXGroup;
			children = (
				1871579A234ABBCA0085114C /* AppDelegate.swift */,
				1871579C234ABBCA0085114C /* SceneDelegate.swift */,
				1871579E234ABBCA0085114C /* ViewController.swift */,
				187157A0234ABBCA0085114C /* Main.storyboard */,
				187157A3234ABBCA0085114C /* Assets.xcassets */,
				187157A5234ABBCA0085114C /* LaunchScreen.storyboard */,
				187157A8234ABBCA0085114C /* Info.plist */,
			);
			path = Project2;
			sourceTree = "<group>";
		};
		187157B0234ABBCA0085114C /* Project2Tests */ = {
			isa = PBXGroup;
			children = (
				187157B1234ABBCA0085114C /* Project2Tests.swift */,
				187157B3234ABBCA0085114C /* Info.plist */,
			);
			path = Project2Tests;
			sourceTree = "<group>";
		};
		187157BB234ABBCA0085114C /* Project2UITests */ = {
			isa = PBXGroup;
			children = (
				187157BC234ABBCA0085114C /* Project2UITests.swift */,
				187157BE234ABBCA0085114C /* Info.plist */,
			);
			path = Project2UITests;
			sourceTree = "<group>";
		};
/* End PBXGroup section */

/* Begin PBXNativeTarget section */
		18715796234ABBCA0085114C /* Project2 */ = {
			isa = PBXNativeTarget;
			buildConfigurationList = 187157C1234ABBCA0085114C /* Build configuration list for PBXNativeTarget "Project2" */;
			buildPhases = (
				18715793234ABBCA0085114C /* Sources */,
				18715794234ABBCA0085114C /* Frameworks */,
				18715795234ABBCA0085114C /* Resources */,
			);
			buildRules = (
			);
			dependencies = (
			);
			name = Project2;
			productName = Project2;
			productReference = 18715797234ABBCA0085114C /* Project2.app */;
			productType = "com.apple.product-type.application";
		};
		187157AC234ABBCA0085114C /* Project2Tests */ = {
			isa = PBXNativeTarget;
			buildConfigurationList = 187157C4234ABBCA0085114C /* Build configuration list for PBXNativeTarget "Project2Tests" */;
			buildPhases = (
				187157A9234ABBCA0085114C /* Sources */,
				187157AA234ABBCA0085114C /* Frameworks */,
				187157AB234ABBCA0085114C /* Resources */,
			);
			buildRules = (
			);
			dependencies = (
				187157AF234ABBCA0085114C /* PBXTargetDependency */,
			);
			name = Project2Tests;
			productName = Project2Tests;
			productReference = 187157AD234ABBCA0085114C /* Project2Tests.xctest */;
			productType = "com.apple.product-type.bundle.unit-test";
		};
		187157B7234ABBCA0085114C /* Project2UITests */ = {
			isa = PBXNativeTarget;
			buildConfigurationList = 187157C7234ABBCA0085114C /* Build configuration list for PBXNativeTarget "Project2UITests" */;
			buildPhases = (
				187157B4234ABBCA0085114C /* Sources */,
				187157B5234ABBCA0085114C /* Frameworks */,
				187157B6234ABBCA0085114C /* Resources */,
			);
			buildRules = (
			);
			dependencies = (
				187157BA234ABBCA0085114C /* PBXTargetDependency */,
			);
			name = Project2UITests;
			productName = Project2UITests;
			productReference = 187157B8234ABBCA0085114C /* Project2UITests.xctest */;
			productType = "com.apple.product-type.bundle.ui-testing";
		};
/* End PBXNativeTarget section */

/* Begin PBXProject section */
		1871578F234ABBCA0085114C /* Project object */ = {
			isa = PBXProject;
			attributes = {
				LastSwiftUpdateCheck = 1100;
				LastUpgradeCheck = 1100;
				ORGANIZATIONNAME = "William Fernandez";
				TargetAttributes = {
					18715796234ABBCA0085114C = {
						CreatedOnToolsVersion = 11.0;
					};
					187157AC234ABBCA0085114C = {
						CreatedOnToolsVersion = 11.0;
						TestTargetID = 18715796234ABBCA0085114C;
					};
					187157B7234ABBCA0085114C = {
						CreatedOnToolsVersion = 11.0;
						TestTargetID = 18715796234ABBCA0085114C;
					};
				};
			};
			buildConfigurationList = 18715792234ABBCA0085114C /* Build configuration list for PBXProject "Project2" */;
			compatibilityVersion = "Xcode 9.3";
			developmentRegion = en;
			hasScannedForEncodings = 0;
			knownRegions = (
				en,
				Base,
			);
			mainGroup = 1871578E234ABBCA0085114C;
			productRefGroup = 18715798234ABBCA0085114C /* Products */;
			projectDirPath = "";
			projectRoot = "";
			targets = (
				18715796234ABBCA0085114C /* Project2 */,
				187157AC234ABBCA0085114C /* Project2Tests */,
				187157B7234ABBCA0085114C /* Project2UITests */,
			);
		};
/* End PBXProject section */

/* Begin PBXResourcesBuildPhase section */
		18715795234ABBCA0085114C /* Resources */ = {
			isa = PBXResourcesBuildPhase;
			buildActionMask = 2147483647;
			files = (
				187157A7234ABBCA0085114C /* LaunchScreen.storyboard in Resources */,
				187157A4234ABBCA0085114C /* Assets.xcassets in Resources */,
				187157A2234ABBCA0085114C /* Main.storyboard in Resources */,
			);
			runOnlyForDeploymentPostprocessing = 0;
		};
		187157AB234ABBCA0085114C /* Resources */ = {
			isa = PBXResourcesBuildPhase;
			buildActionMask = 2147483647;
			files = (
			);
			runOnlyForDeploymentPostprocessing = 0;
		};
		187157B6234ABBCA0085114C /* Resources */ = {
			isa = PBXResourcesBuildPhase;
			buildActionMask = 2147483647;
			files = (
			);
			runOnlyForDeploymentPostprocessing = 0;
		};
/* End PBXResourcesBuildPhase section */

/* Begin PBXSourcesBuildPhase section */
		18715793234ABBCA0085114C /* Sources */ = {
			isa = PBXSourcesBuildPhase;
			buildActionMask = 2147483647;
			files = (
				1871579F234ABBCA0085114C /* ViewController.swift in Sources */,
				1871579B234ABBCA0085114C /* AppDelegate.swift in Sources */,
				1871579D234ABBCA0085114C /* SceneDelegate.swift in Sources */,
			);
			runOnlyForDeploymentPostprocessing = 0;
		};
		187157A9234ABBCA0085114C /* Sources */ = {
			isa = PBXSourcesBuildPhase;
			buildActionMask = 2147483647;
			files = (
				187157B2234ABBCA0085114C /* Project2Tests.swift in Sources */,
			);
			runOnlyForDeploymentPostprocessing = 0;
		};
		187157B4234ABBCA0085114C /* Sources */ = {
			isa = PBXSourcesBuildPhase;
			buildActionMask = 2147483647;
			files = (
				187157BD234ABBCA0085114C /* Project2UITests.swift in Sources */,
			);
			runOnlyForDeploymentPostprocessing = 0;
		};
/* End PBXSourcesBuildPhase section */

/* Begin PBXTargetDependency section */
		187157AF234ABBCA0085114C /* PBXTargetDependency */ = {
			isa = PBXTargetDependency;
			target = 18715796234ABBCA0085114C /* Project2 */;
			targetProxy = 187157AE234ABBCA0085114C /* PBXContainerItemProxy */;
		};
		187157BA234ABBCA0085114C /* PBXTargetDependency */ = {
			isa = PBXTargetDependency;
			target = 18715796234ABBCA0085114C /* Project2 */;
			targetProxy = 187157B9234ABBCA0085114C /* PBXContainerItemProxy */;
		};
/* End PBXTargetDependency section */

/* Begin PBXVariantGroup section */
		187157A0234ABBCA0085114C /* Main.storyboard */ = {
			isa = PBXVariantGroup;
			children = (
				187157A1234ABBCA0085114C /* Base */,
			);
			name = Main.storyboard;
			sourceTree = "<group>";
		};
		187157A5234ABBCA0085114C /* LaunchScreen.storyboard */ = {
			isa = PBXVariantGroup;
			children = (
				187157A6234ABBCA0085114C /* Base */,
			);
			name = LaunchScreen.storyboard;
			sourceTree = "<group>";
		};
/* End PBXVariantGroup section */

/* Begin XCBuildConfiguration section */
		187157BF234ABBCA0085114C /* Debug */ = {
			isa = XCBuildConfiguration;
			buildSettings = {
				ALWAYS_SEARCH_USER_PATHS = NO;
				CLANG_ANALYZER_NONNULL = YES;
				CLANG_ANALYZER_NUMBER_OBJECT_CONVERSION = YES_AGGRESSIVE;
				CLANG_CXX_LANGUAGE_STANDARD = "gnu++14";
				CLANG_CXX_LIBRARY = "libc++";
				CLANG_ENABLE_MODULES = YES;
				CLANG_ENABLE_OBJC_ARC = YES;
				CLANG_ENABLE_OBJC_WEAK = YES;
				CLANG_WARN_BLOCK_CAPTURE_AUTORELEASING = YES;
				CLANG_WARN_BOOL_CONVERSION = YES;
				CLANG_WARN_COMMA = YES;
				CLANG_WARN_CONSTANT_CONVERSION = YES;
				CLANG_WARN_DEPRECATED_OBJC_IMPLEMENTATIONS = YES;
				CLANG_WARN_DIRECT_OBJC_ISA_USAGE = YES_ERROR;
				CLANG_WARN_DOCUMENTATION_COMMENTS = YES;
				CLANG_WARN_EMPTY_BODY = YES;
				CLANG_WARN_ENUM_CONVERSION = YES;
				CLANG_WARN_INFINITE_RECURSION = YES;
				CLANG_WARN_INT_CONVERSION = YES;
				CLANG_WARN_NON_LITERAL_NULL_CONVERSION = YES;
				CLANG_WARN_OBJC_IMPLICIT_RETAIN_SELF = YES;
				CLANG_WARN_OBJC_LITERAL_CONVERSION = YES;
				CLANG_WARN_OBJC_ROOT_CLASS = YES_ERROR;
				CLANG_WARN_RANGE_LOOP_ANALYSIS = YES;
				CLANG_WARN_STRICT_PROTOTYPES = YES;
				CLANG_WARN_SUSPICIOUS_MOVE = YES;
				CLANG_WARN_UNGUARDED_AVAILABILITY = YES_AGGRESSIVE;
				CLANG_WARN_UNREACHABLE_CODE = YES;
				CLANG_WARN__DUPLICATE_METHOD_MATCH = YES;
				COPY_PHASE_STRIP = NO;
				DEBUG_INFORMATION_FORMAT = dwarf;
				ENABLE_STRICT_OBJC_MSGSEND = YES;
				ENABLE_TESTABILITY = YES;
				GCC_C_LANGUAGE_STANDARD = gnu11;
				GCC_DYNAMIC_NO_PIC = NO;
				GCC_NO_COMMON_BLOCKS = YES;
				GCC_OPTIMIZATION_LEVEL = 0;
				GCC_PREPROCESSOR_DEFINITIONS = (
					"DEBUG=1",
					"$(inherited)",
				);
				GCC_WARN_64_TO_32_BIT_CONVERSION = YES;
				GCC_WARN_ABOUT_RETURN_TYPE = YES_ERROR;
				GCC_WARN_UNDECLARED_SELECTOR = YES;
				GCC_WARN_UNINITIALIZED_AUTOS = YES_AGGRESSIVE;
				GCC_WARN_UNUSED_FUNCTION = YES;
				GCC_WARN_UNUSED_VARIABLE = YES;
				IPHONEOS_DEPLOYMENT_TARGET = 13.0;
				MTL_ENABLE_DEBUG_INFO = INCLUDE_SOURCE;
				MTL_FAST_MATH = YES;
				ONLY_ACTIVE_ARCH = YES;
				SDKROOT = iphoneos;
				SWIFT_ACTIVE_COMPILATION_CONDITIONS = DEBUG;
				SWIFT_OPTIMIZATION_LEVEL = "-Onone";
			};
			name = Debug;
		};
		187157C0234ABBCA0085114C /* Release */ = {
			isa = XCBuildConfiguration;
			buildSettings = {
				ALWAYS_SEARCH_USER_PATHS = NO;
				CLANG_ANALYZER_NONNULL = YES;
				CLANG_ANALYZER_NUMBER_OBJECT_CONVERSION = YES_AGGRESSIVE;
				CLANG_CXX_LANGUAGE_STANDARD = "gnu++14";
				CLANG_CXX_LIBRARY = "libc++";
				CLANG_ENABLE_MODULES = YES;
				CLANG_ENABLE_OBJC_ARC = YES;
				CLANG_ENABLE_OBJC_WEAK = YES;
				CLANG_WARN_BLOCK_CAPTURE_AUTORELEASING = YES;
				CLANG_WARN_BOOL_CONVERSION = YES;
				CLANG_WARN_COMMA = YES;
				CLANG_WARN_CONSTANT_CONVERSION = YES;
				CLANG_WARN_DEPRECATED_OBJC_IMPLEMENTATIONS = YES;
				CLANG_WARN_DIRECT_OBJC_ISA_USAGE = YES_ERROR;
				CLANG_WARN_DOCUMENTATION_COMMENTS = YES;
				CLANG_WARN_EMPTY_BODY = YES;
				CLANG_WARN_ENUM_CONVERSION = YES;
				CLANG_WARN_INFINITE_RECURSION = YES;
				CLANG_WARN_INT_CONVERSION = YES;
				CLANG_WARN_NON_LITERAL_NULL_CONVERSION = YES;
				CLANG_WARN_OBJC_IMPLICIT_RETAIN_SELF = YES;
				CLANG_WARN_OBJC_LITERAL_CONVERSION = YES;
				CLANG_WARN_OBJC_ROOT_CLASS = YES_ERROR;
				CLANG_WARN_RANGE_LOOP_ANALYSIS = YES;
				CLANG_WARN_STRICT_PROTOTYPES = YES;
				CLANG_WARN_SUSPICIOUS_MOVE = YES;
				CLANG_WARN_UNGUARDED_AVAILABILITY = YES_AGGRESSIVE;
				CLANG_WARN_UNREACHABLE_CODE = YES;
				CLANG_WARN__DUPLICATE_METHOD_MATCH = YES;
				COPY_PHASE_STRIP = NO;
				DEBUG_INFORMATION_FORMAT = "dwarf-with-dsym";
				ENABLE_NS_ASSERTIONS = NO;
				ENABLE_STRICT_OBJC_MSGSEND = YES;
				GCC_C_LANGUAGE_STANDARD = gnu11;
				GCC_NO_COMMON_BLOCKS = YES;
				GCC_WARN_64_TO_32_BIT_CONVERSION = YES;
				GCC_WARN_ABOUT_RETURN_TYPE = YES_ERROR;
				GCC_WARN_UNDECLARED_SELECTOR = YES;
				GCC_WARN_UNINITIALIZED_AUTOS = YES_AGGRESSIVE;
				GCC_WARN_UNUSED_FUNCTION = YES;
				GCC_WARN_UNUSED_VARIABLE = YES;
				IPHONEOS_DEPLOYMENT_TARGET = 13.0;
				MTL_ENABLE_DEBUG_INFO = NO;
				MTL_FAST_MATH = YES;
				SDKROOT = iphoneos;
				SWIFT_COMPILATION_MODE = wholemodule;
				SWIFT_OPTIMIZATION_LEVEL = "-O";
				VALIDATE_PRODUCT = YES;
			};
			name = Release;
		};
		187157C2234ABBCA0085114C /* Debug */ = {
			isa = XCBuildConfiguration;
			buildSettings = {
				ASSETCATALOG_COMPILER_APPICON_NAME = AppIcon;
				CODE_SIGN_STYLE = Automatic;
				DEVELOPMENT_TEAM = 357WQCGCRZ;
				INFOPLIST_FILE = Project2/Info.plist;
				LD_RUNPATH_SEARCH_PATHS = (
					"$(inherited)",
					"@executable_path/Frameworks",
				);
				PRODUCT_BUNDLE_IDENTIFIER = com.williamf.Project2;
				PRODUCT_NAME = "$(TARGET_NAME)";
				SWIFT_VERSION = 5.0;
				TARGETED_DEVICE_FAMILY = "1,2";
			};
			name = Debug;
		};
		187157C3234ABBCA0085114C /* Release */ = {
			isa = XCBuildConfiguration;
			buildSettings = {
				ASSETCATALOG_COMPILER_APPICON_NAME = AppIcon;
				CODE_SIGN_STYLE = Automatic;
				DEVELOPMENT_TEAM = 357WQCGCRZ;
				INFOPLIST_FILE = Project2/Info.plist;
				LD_RUNPATH_SEARCH_PATHS = (
					"$(inherited)",
					"@executable_path/Frameworks",
				);
				PRODUCT_BUNDLE_IDENTIFIER = com.williamf.Project2;
				PRODUCT_NAME = "$(TARGET_NAME)";
				SWIFT_VERSION = 5.0;
				TARGETED_DEVICE_FAMILY = "1,2";
			};
			name = Release;
		};
		187157C5234ABBCA0085114C /* Debug */ = {
			isa = XCBuildConfiguration;
			buildSettings = {
				ALWAYS_EMBED_SWIFT_STANDARD_LIBRARIES = YES;
				BUNDLE_LOADER = "$(TEST_HOST)";
				CODE_SIGN_STYLE = Automatic;
				DEVELOPMENT_TEAM = 357WQCGCRZ;
				INFOPLIST_FILE = Project2Tests/Info.plist;
				IPHONEOS_DEPLOYMENT_TARGET = 13.0;
				LD_RUNPATH_SEARCH_PATHS = (
					"$(inherited)",
					"@executable_path/Frameworks",
					"@loader_path/Frameworks",
				);
				PRODUCT_BUNDLE_IDENTIFIER = com.williamf.Project2Tests;
				PRODUCT_NAME = "$(TARGET_NAME)";
				SWIFT_VERSION = 5.0;
				TARGETED_DEVICE_FAMILY = "1,2";
				TEST_HOST = "$(BUILT_PRODUCTS_DIR)/Project2.app/Project2";
			};
			name = Debug;
		};
		187157C6234ABBCA0085114C /* Release */ = {
			isa = XCBuildConfiguration;
			buildSettings = {
				ALWAYS_EMBED_SWIFT_STANDARD_LIBRARIES = YES;
				BUNDLE_LOADER = "$(TEST_HOST)";
				CODE_SIGN_STYLE = Automatic;
				DEVELOPMENT_TEAM = 357WQCGCRZ;
				INFOPLIST_FILE = Project2Tests/Info.plist;
				IPHONEOS_DEPLOYMENT_TARGET = 13.0;
				LD_RUNPATH_SEARCH_PATHS = (
					"$(inherited)",
					"@executable_path/Frameworks",
					"@loader_path/Frameworks",
				);
				PRODUCT_BUNDLE_IDENTIFIER = com.williamf.Project2Tests;
				PRODUCT_NAME = "$(TARGET_NAME)";
				SWIFT_VERSION = 5.0;
				TARGETED_DEVICE_FAMILY = "1,2";
				TEST_HOST = "$(BUILT_PRODUCTS_DIR)/Project2.app/Project2";
			};
			name = Release;
		};
		187157C8234ABBCA0085114C /* Debug */ = {
			isa = XCBuildConfiguration;
			buildSettings = {
				ALWAYS_EMBED_SWIFT_STANDARD_LIBRARIES = YES;
				CODE_SIGN_STYLE = Automatic;
				DEVELOPMENT_TEAM = 357WQCGCRZ;
				INFOPLIST_FILE = Project2UITests/Info.plist;
				LD_RUNPATH_SEARCH_PATHS = (
					"$(inherited)",
					"@executable_path/Frameworks",
					"@loader_path/Frameworks",
				);
				PRODUCT_BUNDLE_IDENTIFIER = com.williamf.Project2UITests;
				PRODUCT_NAME = "$(TARGET_NAME)";
				SWIFT_VERSION = 5.0;
				TARGETED_DEVICE_FAMILY = "1,2";
				TEST_TARGET_NAME = Project2;
			};
			name = Debug;
		};
		187157C9234ABBCA0085114C /* Release */ = {
			isa = XCBuildConfiguration;
			buildSettings = {
				ALWAYS_EMBED_SWIFT_STANDARD_LIBRARIES = YES;
				CODE_SIGN_STYLE = Automatic;
				DEVELOPMENT_TEAM = 357WQCGCRZ;
				INFOPLIST_FILE = Project2UITests/Info.plist;
				LD_RUNPATH_SEARCH_PATHS = (
					"$(inherited)",
					"@executable_path/Frameworks",
					"@loader_path/Frameworks",
				);
				PRODUCT_BUNDLE_IDENTIFIER = com.williamf.Project2UITests;
				PRODUCT_NAME = "$(TARGET_NAME)";
				SWIFT_VERSION = 5.0;
				TARGETED_DEVICE_FAMILY = "1,2";
				TEST_TARGET_NAME = Project2;
			};
			name = Release;
		};
/* End XCBuildConfiguration section */

/* Begin XCConfigurationList section */
		18715792234ABBCA0085114C /* Build configuration list for PBXProject "Project2" */ = {
			isa = XCConfigurationList;
			buildConfigurations = (
				187157BF234ABBCA0085114C /* Debug */,
				187157C0234ABBCA0085114C /* Release */,
			);
			defaultConfigurationIsVisible = 0;
			defaultConfigurationName = Release;
		};
		187157C1234ABBCA0085114C /* Build configuration list for PBXNativeTarget "Project2" */ = {
			isa = XCConfigurationList;
			buildConfigurations = (
				187157C2234ABBCA0085114C /* Debug */,
				187157C3234ABBCA0085114C /* Release */,
			);
			defaultConfigurationIsVisible = 0;
			defaultConfigurationName = Release;
		};
		187157C4234ABBCA0085114C /* Build configuration list for PBXNativeTarget "Project2Tests" */ = {
			isa = XCConfigurationList;
			buildConfigurations = (
				187157C5234ABBCA0085114C /* Debug */,
				187157C6234ABBCA0085114C /* Release */,
			);
			defaultConfigurationIsVisible = 0;
			defaultConfigurationName = Release;
		};
		187157C7234ABBCA0085114C /* Build configuration list for PBXNativeTarget "Project2UITests" */ = {
			isa = XCConfigurationList;
			buildConfigurations = (
				187157C8234ABBCA0085114C /* Debug */,
				187157C9234ABBCA0085114C /* Release */,
			);
			defaultConfigurationIsVisible = 0;
			defaultConfigurationName = Release;
		};
/* End XCConfigurationList section */
	};
	rootObject = 1871578F234ABBCA0085114C /* Project object */;
}
